// !$*UTF8*$!
{
	archiveVersion = 1;
	classes = {
	};
	objectVersion = 46;
	objects = {

/* Begin PBXBuildFile section */
		0F217D0C1EFAE14E008EB504 /* MSButtonNode.swift in Sources */ = {isa = PBXBuildFile; fileRef = 0F217D0B1EFAE14E008EB504 /* MSButtonNode.swift */; };
		0F217D0E1EFAEB7A008EB504 /* GameEffects.sks in Resources */ = {isa = PBXBuildFile; fileRef = 0F217D0D1EFAEB7A008EB504 /* GameEffects.sks */; };
		0F2A6ED71EF9E66F00B26690 /* Obstacle.sks in Resources */ = {isa = PBXBuildFile; fileRef = 0F2A6ED61EF9E66F00B26690 /* Obstacle.sks */; };
		0F30E7D51EF89980003BE074 /* AppDelegate.swift in Sources */ = {isa = PBXBuildFile; fileRef = 0F30E7D41EF89980003BE074 /* AppDelegate.swift */; };
		0F30E7D71EF89980003BE074 /* GameScene.sks in Resources */ = {isa = PBXBuildFile; fileRef = 0F30E7D61EF89980003BE074 /* GameScene.sks */; };
		0F30E7D91EF89980003BE074 /* Actions.sks in Resources */ = {isa = PBXBuildFile; fileRef = 0F30E7D81EF89980003BE074 /* Actions.sks */; };
		0F30E7DB1EF89980003BE074 /* GameScene.swift in Sources */ = {isa = PBXBuildFile; fileRef = 0F30E7DA1EF89980003BE074 /* GameScene.swift */; };
		0F30E7DD1EF89980003BE074 /* GameViewController.swift in Sources */ = {isa = PBXBuildFile; fileRef = 0F30E7DC1EF89980003BE074 /* GameViewController.swift */; };
		0F30E7E01EF89980003BE074 /* Main.storyboard in Resources */ = {isa = PBXBuildFile; fileRef = 0F30E7DE1EF89980003BE074 /* Main.storyboard */; };
		0F30E7E21EF89980003BE074 /* Assets.xcassets in Resources */ = {isa = PBXBuildFile; fileRef = 0F30E7E11EF89980003BE074 /* Assets.xcassets */; };
		0F30E7E51EF89980003BE074 /* LaunchScreen.storyboard in Resources */ = {isa = PBXBuildFile; fileRef = 0F30E7E31EF89980003BE074 /* LaunchScreen.storyboard */; };
		0F30E7F01EF89980003BE074 /* Hoppy_BunnyTests.swift in Sources */ = {isa = PBXBuildFile; fileRef = 0F30E7EF1EF89980003BE074 /* Hoppy_BunnyTests.swift */; };
		0F30E7FB1EF89980003BE074 /* Hoppy_BunnyUITests.swift in Sources */ = {isa = PBXBuildFile; fileRef = 0F30E7FA1EF89980003BE074 /* Hoppy_BunnyUITests.swift */; };
		0F592D001EFB7707004768FB /* 187025__lloydevans09__jump1.wav in Resources */ = {isa = PBXBuildFile; fileRef = 0F592CFF1EFB7707004768FB /* 187025__lloydevans09__jump1.wav */; };
		0F592D021EFB770C004768FB /* 187024__lloydevans09__jump2.wav in Resources */ = {isa = PBXBuildFile; fileRef = 0F592D011EFB770C004768FB /* 187024__lloydevans09__jump2.wav */; };
		0F592D041EFB7930004768FB /* 364929__josepharaoh99__game-die.mp3 in Resources */ = {isa = PBXBuildFile; fileRef = 0F592D031EFB7930004768FB /* 364929__josepharaoh99__game-die.mp3 */; };
		0F8F64D61EF9862700BBEEA8 /* Hero.sks in Resources */ = {isa = PBXBuildFile; fileRef = 0F8F64D51EF9862700BBEEA8 /* Hero.sks */; };
		0FF5BBE81EF99586005D4C11 /* CGFloat+Extensions.swift in Sources */ = {isa = PBXBuildFile; fileRef = 0FF5BBE71EF99586005D4C11 /* CGFloat+Extensions.swift */; };
/* End PBXBuildFile section */

/* Begin PBXContainerItemProxy section */
		0F30E7EC1EF89980003BE074 /* PBXContainerItemProxy */ = {
			isa = PBXContainerItemProxy;
			containerPortal = 0F30E7C91EF89980003BE074 /* Project object */;
			proxyType = 1;
			remoteGlobalIDString = 0F30E7D01EF89980003BE074;
			remoteInfo = "Hoppy Bunny";
		};
		0F30E7F71EF89980003BE074 /* PBXContainerItemProxy */ = {
			isa = PBXContainerItemProxy;
			containerPortal = 0F30E7C91EF89980003BE074 /* Project object */;
			proxyType = 1;
			remoteGlobalIDString = 0F30E7D01EF89980003BE074;
			remoteInfo = "Hoppy Bunny";
		};
/* End PBXContainerItemProxy section */

/* Begin PBXFileReference section */
		0F217D0B1EFAE14E008EB504 /* MSButtonNode.swift */ = {isa = PBXFileReference; fileEncoding = 4; lastKnownFileType = sourcecode.swift; path = MSButtonNode.swift; sourceTree = "<group>"; };
		0F217D0D1EFAEB7A008EB504 /* GameEffects.sks */ = {isa = PBXFileReference; lastKnownFileType = file.sks; path = GameEffects.sks; sourceTree = "<group>"; };
		0F2A6ED61EF9E66F00B26690 /* Obstacle.sks */ = {isa = PBXFileReference; lastKnownFileType = file.sks; path = Obstacle.sks; sourceTree = "<group>"; };
		0F30E7D11EF89980003BE074 /* Hoppy Bunny.app */ = {isa = PBXFileReference; explicitFileType = wrapper.application; includeInIndex = 0; path = "Hoppy Bunny.app"; sourceTree = BUILT_PRODUCTS_DIR; };
		0F30E7D41EF89980003BE074 /* AppDelegate.swift */ = {isa = PBXFileReference; lastKnownFileType = sourcecode.swift; path = AppDelegate.swift; sourceTree = "<group>"; };
		0F30E7D61EF89980003BE074 /* GameScene.sks */ = {isa = PBXFileReference; lastKnownFileType = file.sks; path = GameScene.sks; sourceTree = "<group>"; };
		0F30E7D81EF89980003BE074 /* Actions.sks */ = {isa = PBXFileReference; lastKnownFileType = file.sks; path = Actions.sks; sourceTree = "<group>"; };
		0F30E7DA1EF89980003BE074 /* GameScene.swift */ = {isa = PBXFileReference; lastKnownFileType = sourcecode.swift; path = GameScene.swift; sourceTree = "<group>"; };
		0F30E7DC1EF89980003BE074 /* GameViewController.swift */ = {isa = PBXFileReference; lastKnownFileType = sourcecode.swift; path = GameViewController.swift; sourceTree = "<group>"; };
		0F30E7DF1EF89980003BE074 /* Base */ = {isa = PBXFileReference; lastKnownFileType = file.storyboard; name = Base; path = Base.lproj/Main.storyboard; sourceTree = "<group>"; };
		0F30E7E11EF89980003BE074 /* Assets.xcassets */ = {isa = PBXFileReference; lastKnownFileType = folder.assetcatalog; path = Assets.xcassets; sourceTree = "<group>"; };
		0F30E7E41EF89980003BE074 /* Base */ = {isa = PBXFileReference; lastKnownFileType = file.storyboard; name = Base; path = Base.lproj/LaunchScreen.storyboard; sourceTree = "<group>"; };
		0F30E7E61EF89980003BE074 /* Info.plist */ = {isa = PBXFileReference; lastKnownFileType = text.plist.xml; path = Info.plist; sourceTree = "<group>"; };
		0F30E7EB1EF89980003BE074 /* Hoppy BunnyTests.xctest */ = {isa = PBXFileReference; explicitFileType = wrapper.cfbundle; includeInIndex = 0; path = "Hoppy BunnyTests.xctest"; sourceTree = BUILT_PRODUCTS_DIR; };
		0F30E7EF1EF89980003BE074 /* Hoppy_BunnyTests.swift */ = {isa = PBXFileReference; lastKnownFileType = sourcecode.swift; path = Hoppy_BunnyTests.swift; sourceTree = "<group>"; };
		0F30E7F11EF89980003BE074 /* Info.plist */ = {isa = PBXFileReference; lastKnownFileType = text.plist.xml; path = Info.plist; sourceTree = "<group>"; };
		0F30E7F61EF89980003BE074 /* Hoppy BunnyUITests.xctest */ = {isa = PBXFileReference; explicitFileType = wrapper.cfbundle; includeInIndex = 0; path = "Hoppy BunnyUITests.xctest"; sourceTree = BUILT_PRODUCTS_DIR; };
		0F30E7FA1EF89980003BE074 /* Hoppy_BunnyUITests.swift */ = {isa = PBXFileReference; lastKnownFileType = sourcecode.swift; path = Hoppy_BunnyUITests.swift; sourceTree = "<group>"; };
		0F30E7FC1EF89980003BE074 /* Info.plist */ = {isa = PBXFileReference; lastKnownFileType = text.plist.xml; path = Info.plist; sourceTree = "<group>"; };
		0F592CFF1EFB7707004768FB /* 187025__lloydevans09__jump1.wav */ = {isa = PBXFileReference; lastKnownFileType = audio.wav; path = 187025__lloydevans09__jump1.wav; sourceTree = "<group>"; };
		0F592D011EFB770C004768FB /* 187024__lloydevans09__jump2.wav */ = {isa = PBXFileReference; lastKnownFileType = audio.wav; path = 187024__lloydevans09__jump2.wav; sourceTree = "<group>"; };
		0F592D031EFB7930004768FB /* 364929__josepharaoh99__game-die.mp3 */ = {isa = PBXFileReference; lastKnownFileType = audio.mp3; path = "364929__josepharaoh99__game-die.mp3"; sourceTree = "<group>"; };
		0F8F64D51EF9862700BBEEA8 /* Hero.sks */ = {isa = PBXFileReference; lastKnownFileType = file.sks; path = Hero.sks; sourceTree = "<group>"; };
		0FF5BBE71EF99586005D4C11 /* CGFloat+Extensions.swift */ = {isa = PBXFileReference; fileEncoding = 4; lastKnownFileType = sourcecode.swift; path = "CGFloat+Extensions.swift"; sourceTree = "<group>"; };
/* End PBXFileReference section */

/* Begin PBXFrameworksBuildPhase section */
		0F30E7CE1EF89980003BE074 /* Frameworks */ = {
			isa = PBXFrameworksBuildPhase;
			buildActionMask = 2147483647;
			files = (
			);
			runOnlyForDeploymentPostprocessing = 0;
		};
		0F30E7E81EF89980003BE074 /* Frameworks */ = {
			isa = PBXFrameworksBuildPhase;
			buildActionMask = 2147483647;
			files = (
			);
			runOnlyForDeploymentPostprocessing = 0;
		};
		0F30E7F31EF89980003BE074 /* Frameworks */ = {
			isa = PBXFrameworksBuildPhase;
			buildActionMask = 2147483647;
			files = (
			);
			runOnlyForDeploymentPostprocessing = 0;
		};
/* End PBXFrameworksBuildPhase section */

/* Begin PBXGroup section */
		0F30E7C81EF89980003BE074 = {
			isa = PBXGroup;
			children = (
				0F30E7D31EF89980003BE074 /* Hoppy Bunny */,
				0F30E7EE1EF89980003BE074 /* Hoppy BunnyTests */,
				0F30E7F91EF89980003BE074 /* Hoppy BunnyUITests */,
				0F30E7D21EF89980003BE074 /* Products */,
				0F592CFF1EFB7707004768FB /* 187025__lloydevans09__jump1.wav */,
				0F592D011EFB770C004768FB /* 187024__lloydevans09__jump2.wav */,
				0F592D031EFB7930004768FB /* 364929__josepharaoh99__game-die.mp3 */,
			);
			sourceTree = "<group>";
		};
		0F30E7D21EF89980003BE074 /* Products */ = {
			isa = PBXGroup;
			children = (
				0F30E7D11EF89980003BE074 /* Hoppy Bunny.app */,
				0F30E7EB1EF89980003BE074 /* Hoppy BunnyTests.xctest */,
				0F30E7F61EF89980003BE074 /* Hoppy BunnyUITests.xctest */,
			);
			name = Products;
			sourceTree = "<group>";
		};
		0F30E7D31EF89980003BE074 /* Hoppy Bunny */ = {
			isa = PBXGroup;
			children = (
				0F30E7D41EF89980003BE074 /* AppDelegate.swift */,
				0F30E7D61EF89980003BE074 /* GameScene.sks */,
				0F2A6ED61EF9E66F00B26690 /* Obstacle.sks */,
				0F8F64D51EF9862700BBEEA8 /* Hero.sks */,
				0F30E7D81EF89980003BE074 /* Actions.sks */,
				0F30E7DA1EF89980003BE074 /* GameScene.swift */,
				0F217D0D1EFAEB7A008EB504 /* GameEffects.sks */,
				0F30E7DC1EF89980003BE074 /* GameViewController.swift */,
				0F30E7DE1EF89980003BE074 /* Main.storyboard */,
				0F30E7E11EF89980003BE074 /* Assets.xcassets */,
				0F30E7E31EF89980003BE074 /* LaunchScreen.storyboard */,
				0F30E7E61EF89980003BE074 /* Info.plist */,
				0FF5BBE71EF99586005D4C11 /* CGFloat+Extensions.swift */,
				0F217D0B1EFAE14E008EB504 /* MSButtonNode.swift */,
			);
			path = "Hoppy Bunny";
			sourceTree = "<group>";
		};
		0F30E7EE1EF89980003BE074 /* Hoppy BunnyTests */ = {
			isa = PBXGroup;
			children = (
				0F30E7EF1EF89980003BE074 /* Hoppy_BunnyTests.swift */,
				0F30E7F11EF89980003BE074 /* Info.plist */,
			);
			path = "Hoppy BunnyTests";
			sourceTree = "<group>";
		};
		0F30E7F91EF89980003BE074 /* Hoppy BunnyUITests */ = {
			isa = PBXGroup;
			children = (
				0F30E7FA1EF89980003BE074 /* Hoppy_BunnyUITests.swift */,
				0F30E7FC1EF89980003BE074 /* Info.plist */,
			);
			path = "Hoppy BunnyUITests";
			sourceTree = "<group>";
		};
/* End PBXGroup section */

/* Begin PBXNativeTarget section */
		0F30E7D01EF89980003BE074 /* Hoppy Bunny */ = {
			isa = PBXNativeTarget;
			buildConfigurationList = 0F30E7FF1EF89980003BE074 /* Build configuration list for PBXNativeTarget "Hoppy Bunny" */;
			buildPhases = (
				0F30E7CD1EF89980003BE074 /* Sources */,
				0F30E7CE1EF89980003BE074 /* Frameworks */,
				0F30E7CF1EF89980003BE074 /* Resources */,
			);
			buildRules = (
			);
			dependencies = (
			);
			name = "Hoppy Bunny";
			productName = "Hoppy Bunny";
			productReference = 0F30E7D11EF89980003BE074 /* Hoppy Bunny.app */;
			productType = "com.apple.product-type.application";
		};
		0F30E7EA1EF89980003BE074 /* Hoppy BunnyTests */ = {
			isa = PBXNativeTarget;
			buildConfigurationList = 0F30E8021EF89980003BE074 /* Build configuration list for PBXNativeTarget "Hoppy BunnyTests" */;
			buildPhases = (
				0F30E7E71EF89980003BE074 /* Sources */,
				0F30E7E81EF89980003BE074 /* Frameworks */,
				0F30E7E91EF89980003BE074 /* Resources */,
			);
			buildRules = (
			);
			dependencies = (
				0F30E7ED1EF89980003BE074 /* PBXTargetDependency */,
			);
			name = "Hoppy BunnyTests";
			productName = "Hoppy BunnyTests";
			productReference = 0F30E7EB1EF89980003BE074 /* Hoppy BunnyTests.xctest */;
			productType = "com.apple.product-type.bundle.unit-test";
		};
		0F30E7F51EF89980003BE074 /* Hoppy BunnyUITests */ = {
			isa = PBXNativeTarget;
			buildConfigurationList = 0F30E8051EF89980003BE074 /* Build configuration list for PBXNativeTarget "Hoppy BunnyUITests" */;
			buildPhases = (
				0F30E7F21EF89980003BE074 /* Sources */,
				0F30E7F31EF89980003BE074 /* Frameworks */,
				0F30E7F41EF89980003BE074 /* Resources */,
			);
			buildRules = (
			);
			dependencies = (
				0F30E7F81EF89980003BE074 /* PBXTargetDependency */,
			);
			name = "Hoppy BunnyUITests";
			productName = "Hoppy BunnyUITests";
			productReference = 0F30E7F61EF89980003BE074 /* Hoppy BunnyUITests.xctest */;
			productType = "com.apple.product-type.bundle.ui-testing";
		};
/* End PBXNativeTarget section */

/* Begin PBXProject section */
		0F30E7C91EF89980003BE074 /* Project object */ = {
			isa = PBXProject;
			attributes = {
				LastSwiftUpdateCheck = 0830;
				LastUpgradeCheck = 0830;
				ORGANIZATIONNAME = "Marshall Cain";
				TargetAttributes = {
					0F30E7D01EF89980003BE074 = {
						CreatedOnToolsVersion = 8.3.2;
						DevelopmentTeam = 8NZVYD35X8;
						ProvisioningStyle = Automatic;
					};
					0F30E7EA1EF89980003BE074 = {
						CreatedOnToolsVersion = 8.3.2;
						ProvisioningStyle = Automatic;
						TestTargetID = 0F30E7D01EF89980003BE074;
					};
					0F30E7F51EF89980003BE074 = {
						CreatedOnToolsVersion = 8.3.2;
						ProvisioningStyle = Automatic;
						TestTargetID = 0F30E7D01EF89980003BE074;
					};
				};
			};
			buildConfigurationList = 0F30E7CC1EF89980003BE074 /* Build configuration list for PBXProject "Hoppy Bunny" */;
			compatibilityVersion = "Xcode 3.2";
			developmentRegion = English;
			hasScannedForEncodings = 0;
			knownRegions = (
				en,
				Base,
			);
			mainGroup = 0F30E7C81EF89980003BE074;
			productRefGroup = 0F30E7D21EF89980003BE074 /* Products */;
			projectDirPath = "";
			projectRoot = "";
			targets = (
				0F30E7D01EF89980003BE074 /* Hoppy Bunny */,
				0F30E7EA1EF89980003BE074 /* Hoppy BunnyTests */,
				0F30E7F51EF89980003BE074 /* Hoppy BunnyUITests */,
			);
		};
/* End PBXProject section */

/* Begin PBXResourcesBuildPhase section */
		0F30E7CF1EF89980003BE074 /* Resources */ = {
			isa = PBXResourcesBuildPhase;
			buildActionMask = 2147483647;
			files = (
				0F217D0E1EFAEB7A008EB504 /* GameEffects.sks in Resources */,
				0F30E7E01EF89980003BE074 /* Main.storyboard in Resources */,
				0F30E7D71EF89980003BE074 /* GameScene.sks in Resources */,
				0F30E7E21EF89980003BE074 /* Assets.xcassets in Resources */,
				0F8F64D61EF9862700BBEEA8 /* Hero.sks in Resources */,
				0F592D001EFB7707004768FB /* 187025__lloydevans09__jump1.wav in Resources */,
				0F592D021EFB770C004768FB /* 187024__lloydevans09__jump2.wav in Resources */,
				0F30E7E51EF89980003BE074 /* LaunchScreen.storyboard in Resources */,
				0F592D041EFB7930004768FB /* 364929__josepharaoh99__game-die.mp3 in Resources */,
				0F30E7D91EF89980003BE074 /* Actions.sks in Resources */,
				0F2A6ED71EF9E66F00B26690 /* Obstacle.sks in Resources */,
			);
			runOnlyForDeploymentPostprocessing = 0;
		};
		0F30E7E91EF89980003BE074 /* Resources */ = {
			isa = PBXResourcesBuildPhase;
			buildActionMask = 2147483647;
			files = (
			);
			runOnlyForDeploymentPostprocessing = 0;
		};
		0F30E7F41EF89980003BE074 /* Resources */ = {
			isa = PBXResourcesBuildPhase;
			buildActionMask = 2147483647;
			files = (
			);
			runOnlyForDeploymentPostprocessing = 0;
		};
/* End PBXResourcesBuildPhase section */

/* Begin PBXSourcesBuildPhase section */
		0F30E7CD1EF89980003BE074 /* Sources */ = {
			isa = PBXSourcesBuildPhase;
			buildActionMask = 2147483647;
			files = (
				0F30E7DB1EF89980003BE074 /* GameScene.swift in Sources */,
				0F30E7DD1EF89980003BE074 /* GameViewController.swift in Sources */,
				0FF5BBE81EF99586005D4C11 /* CGFloat+Extensions.swift in Sources */,
				0F30E7D51EF89980003BE074 /* AppDelegate.swift in Sources */,
				0F217D0C1EFAE14E008EB504 /* MSButtonNode.swift in Sources */,
			);
			runOnlyForDeploymentPostprocessing = 0;
		};
		0F30E7E71EF89980003BE074 /* Sources */ = {
			isa = PBXSourcesBuildPhase;
			buildActionMask = 2147483647;
			files = (
				0F30E7F01EF89980003BE074 /* Hoppy_BunnyTests.swift in Sources */,
			);
			runOnlyForDeploymentPostprocessing = 0;
		};
		0F30E7F21EF89980003BE074 /* Sources */ = {
			isa = PBXSourcesBuildPhase;
			buildActionMask = 2147483647;
			files = (
				0F30E7FB1EF89980003BE074 /* Hoppy_BunnyUITests.swift in Sources */,
			);
			runOnlyForDeploymentPostprocessing = 0;
		};
/* End PBXSourcesBuildPhase section */

/* Begin PBXTargetDependency section */
		0F30E7ED1EF89980003BE074 /* PBXTargetDependency */ = {
			isa = PBXTargetDependency;
			target = 0F30E7D01EF89980003BE074 /* Hoppy Bunny */;
			targetProxy = 0F30E7EC1EF89980003BE074 /* PBXContainerItemProxy */;
		};
		0F30E7F81EF89980003BE074 /* PBXTargetDependency */ = {
			isa = PBXTargetDependency;
			target = 0F30E7D01EF89980003BE074 /* Hoppy Bunny */;
			targetProxy = 0F30E7F71EF89980003BE074 /* PBXContainerItemProxy */;
		};
/* End PBXTargetDependency section */

/* Begin PBXVariantGroup section */
		0F30E7DE1EF89980003BE074 /* Main.storyboard */ = {
			isa = PBXVariantGroup;
			children = (
				0F30E7DF1EF89980003BE074 /* Base */,
			);
			name = Main.storyboard;
			sourceTree = "<group>";
		};
		0F30E7E31EF89980003BE074 /* LaunchScreen.storyboard */ = {
			isa = PBXVariantGroup;
			children = (
				0F30E7E41EF89980003BE074 /* Base */,
			);
			name = LaunchScreen.storyboard;
			sourceTree = "<group>";
		};
/* End PBXVariantGroup section */

/* Begin XCBuildConfiguration section */
		0F30E7FD1EF89980003BE074 /* Debug */ = {
			isa = XCBuildConfiguration;
			buildSettings = {
				ALWAYS_SEARCH_USER_PATHS = NO;
				CLANG_ANALYZER_NONNULL = YES;
				CLANG_ANALYZER_NUMBER_OBJECT_CONVERSION = YES_AGGRESSIVE;
				CLANG_CXX_LANGUAGE_STANDARD = "gnu++0x";
				CLANG_CXX_LIBRARY = "libc++";
				CLANG_ENABLE_MODULES = YES;
				CLANG_ENABLE_OBJC_ARC = YES;
				CLANG_WARN_BOOL_CONVERSION = YES;
				CLANG_WARN_CONSTANT_CONVERSION = YES;
				CLANG_WARN_DIRECT_OBJC_ISA_USAGE = YES_ERROR;
				CLANG_WARN_DOCUMENTATION_COMMENTS = YES;
				CLANG_WARN_EMPTY_BODY = YES;
				CLANG_WARN_ENUM_CONVERSION = YES;
				CLANG_WARN_INFINITE_RECURSION = YES;
				CLANG_WARN_INT_CONVERSION = YES;
				CLANG_WARN_OBJC_ROOT_CLASS = YES_ERROR;
				CLANG_WARN_SUSPICIOUS_MOVE = YES;
				CLANG_WARN_UNREACHABLE_CODE = YES;
				CLANG_WARN__DUPLICATE_METHOD_MATCH = YES;
				"CODE_SIGN_IDENTITY[sdk=iphoneos*]" = "iPhone Developer";
				COPY_PHASE_STRIP = NO;
				DEBUG_INFORMATION_FORMAT = dwarf;
				ENABLE_STRICT_OBJC_MSGSEND = YES;
				ENABLE_TESTABILITY = YES;
				GCC_C_LANGUAGE_STANDARD = gnu99;
				GCC_DYNAMIC_NO_PIC = NO;
				GCC_NO_COMMON_BLOCKS = YES;
				GCC_OPTIMIZATION_LEVEL = 0;
				GCC_PREPROCESSOR_DEFINITIONS = (
					"DEBUG=1",
					"$(inherited)",
				);
				GCC_WARN_64_TO_32_BIT_CONVERSION = YES;
				GCC_WARN_ABOUT_RETURN_TYPE = YES_ERROR;
				GCC_WARN_UNDECLARED_SELECTOR = YES;
				GCC_WARN_UNINITIALIZED_AUTOS = YES_AGGRESSIVE;
				GCC_WARN_UNUSED_FUNCTION = YES;
				GCC_WARN_UNUSED_VARIABLE = YES;
				IPHONEOS_DEPLOYMENT_TARGET = 10.3;
				MTL_ENABLE_DEBUG_INFO = YES;
				ONLY_ACTIVE_ARCH = YES;
				SDKROOT = iphoneos;
				SWIFT_ACTIVE_COMPILATION_CONDITIONS = DEBUG;
				SWIFT_OPTIMIZATION_LEVEL = "-Onone";
				TARGETED_DEVICE_FAMILY = "1,2";
			};
			name = Debug;
		};
		0F30E7FE1EF89980003BE074 /* Release */ = {
			isa = XCBuildConfiguration;
			buildSettings = {
				ALWAYS_SEARCH_USER_PATHS = NO;
				CLANG_ANALYZER_NONNULL = YES;
				CLANG_ANALYZER_NUMBER_OBJECT_CONVERSION = YES_AGGRESSIVE;
				CLANG_CXX_LANGUAGE_STANDARD = "gnu++0x";
				CLANG_CXX_LIBRARY = "libc++";
				CLANG_ENABLE_MODULES = YES;
				CLANG_ENABLE_OBJC_ARC = YES;
				CLANG_WARN_BOOL_CONVERSION = YES;
				CLANG_WARN_CONSTANT_CONVERSION = YES;
				CLANG_WARN_DIRECT_OBJC_ISA_USAGE = YES_ERROR;
				CLANG_WARN_DOCUMENTATION_COMMENTS = YES;
				CLANG_WARN_EMPTY_BODY = YES;
				CLANG_WARN_ENUM_CONVERSION = YES;
				CLANG_WARN_INFINITE_RECURSION = YES;
				CLANG_WARN_INT_CONVERSION = YES;
				CLANG_WARN_OBJC_ROOT_CLASS = YES_ERROR;
				CLANG_WARN_SUSPICIOUS_MOVE = YES;
				CLANG_WARN_UNREACHABLE_CODE = YES;
				CLANG_WARN__DUPLICATE_METHOD_MATCH = YES;
				"CODE_SIGN_IDENTITY[sdk=iphoneos*]" = "iPhone Developer";
				COPY_PHASE_STRIP = NO;
				DEBUG_INFORMATION_FORMAT = "dwarf-with-dsym";
				ENABLE_NS_ASSERTIONS = NO;
				ENABLE_STRICT_OBJC_MSGSEND = YES;
				GCC_C_LANGUAGE_STANDARD = gnu99;
				GCC_NO_COMMON_BLOCKS = YES;
				GCC_WARN_64_TO_32_BIT_CONVERSION = YES;
				GCC_WARN_ABOUT_RETURN_TYPE = YES_ERROR;
				GCC_WARN_UNDECLARED_SELECTOR = YES;
				GCC_WARN_UNINITIALIZED_AUTOS = YES_AGGRESSIVE;
				GCC_WARN_UNUSED_FUNCTION = YES;
				GCC_WARN_UNUSED_VARIABLE = YES;
				IPHONEOS_DEPLOYMENT_TARGET = 10.3;
				MTL_ENABLE_DEBUG_INFO = NO;
				SDKROOT = iphoneos;
				SWIFT_OPTIMIZATION_LEVEL = "-Owholemodule";
				TARGETED_DEVICE_FAMILY = "1,2";
				VALIDATE_PRODUCT = YES;
			};
			name = Release;
		};
		0F30E8001EF89980003BE074 /* Debug */ = {
			isa = XCBuildConfiguration;
			buildSettings = {
				ASSETCATALOG_COMPILER_APPICON_NAME = AppIcon;
				DEVELOPMENT_TEAM = 8NZVYD35X8;
				INFOPLIST_FILE = "Hoppy Bunny/Info.plist";
				IPHONEOS_DEPLOYMENT_TARGET = 10.3;
				LD_RUNPATH_SEARCH_PATHS = "$(inherited) @executable_path/Frameworks";
				PRODUCT_BUNDLE_IDENTIFIER = "mcain.Hoppy-Bunny";
				PRODUCT_NAME = "$(TARGET_NAME)";
				SWIFT_VERSION = 3.0;
				TARGETED_DEVICE_FAMILY = 1;
			};
			name = Debug;
		};
		0F30E8011EF89980003BE074 /* Release */ = {
			isa = XCBuildConfiguration;
			buildSettings = {
				ASSETCATALOG_COMPILER_APPICON_NAME = AppIcon;
				DEVELOPMENT_TEAM = 8NZVYD35X8;
				INFOPLIST_FILE = "Hoppy Bunny/Info.plist";
				IPHONEOS_DEPLOYMENT_TARGET = 10.3;
				LD_RUNPATH_SEARCH_PATHS = "$(inherited) @executable_path/Frameworks";
				PRODUCT_BUNDLE_IDENTIFIER = "mcain.Hoppy-Bunny";
				PRODUCT_NAME = "$(TARGET_NAME)";
				SWIFT_VERSION = 3.0;
				TARGETED_DEVICE_FAMILY = 1;
			};
			name = Release;
		};
		0F30E8031EF89980003BE074 /* Debug */ = {
			isa = XCBuildConfiguration;
			buildSettings = {
				ALWAYS_EMBED_SWIFT_STANDARD_LIBRARIES = YES;
				BUNDLE_LOADER = "$(TEST_HOST)";
				INFOPLIST_FILE = "Hoppy BunnyTests/Info.plist";
				LD_RUNPATH_SEARCH_PATHS = "$(inherited) @executable_path/Frameworks @loader_path/Frameworks";
				PRODUCT_BUNDLE_IDENTIFIER = "mcain.Hoppy-BunnyTests";
				PRODUCT_NAME = "$(TARGET_NAME)";
				SWIFT_VERSION = 3.0;
				TEST_HOST = "$(BUILT_PRODUCTS_DIR)/Hoppy Bunny.app/Hoppy Bunny";
			};
			name = Debug;
		};
		0F30E8041EF89980003BE074 /* Release */ = {
			isa = XCBuildConfiguration;
			buildSettings = {
				ALWAYS_EMBED_SWIFT_STANDARD_LIBRARIES = YES;
				BUNDLE_LOADER = "$(TEST_HOST)";
				INFOPLIST_FILE = "Hoppy BunnyTests/Info.plist";
				LD_RUNPATH_SEARCH_PATHS = "$(inherited) @executable_path/Frameworks @loader_path/Frameworks";
				PRODUCT_BUNDLE_IDENTIFIER = "mcain.Hoppy-BunnyTests";
				PRODUCT_NAME = "$(TARGET_NAME)";
				SWIFT_VERSION = 3.0;
				TEST_HOST = "$(BUILT_PRODUCTS_DIR)/Hoppy Bunny.app/Hoppy Bunny";
			};
			name = Release;
		};
		0F30E8061EF89980003BE074 /* Debug */ = {
			isa = XCBuildConfiguration;
			buildSettings = {
				ALWAYS_EMBED_SWIFT_STANDARD_LIBRARIES = YES;
				INFOPLIST_FILE = "Hoppy BunnyUITests/Info.plist";
				LD_RUNPATH_SEARCH_PATHS = "$(inherited) @executable_path/Frameworks @loader_path/Frameworks";
				PRODUCT_BUNDLE_IDENTIFIER = "mcain.Hoppy-BunnyUITests";
				PRODUCT_NAME = "$(TARGET_NAME)";
				SWIFT_VERSION = 3.0;
				TEST_TARGET_NAME = "Hoppy Bunny";
			};
			name = Debug;
		};
		0F30E8071EF89980003BE074 /* Release */ = {
			isa = XCBuildConfiguration;
			buildSettings = {
				ALWAYS_EMBED_SWIFT_STANDARD_LIBRARIES = YES;
				INFOPLIST_FILE = "Hoppy BunnyUITests/Info.plist";
				LD_RUNPATH_SEARCH_PATHS = "$(inherited) @executable_path/Frameworks @loader_path/Frameworks";
				PRODUCT_BUNDLE_IDENTIFIER = "mcain.Hoppy-BunnyUITests";
				PRODUCT_NAME = "$(TARGET_NAME)";
				SWIFT_VERSION = 3.0;
				TEST_TARGET_NAME = "Hoppy Bunny";
			};
			name = Release;
		};
/* End XCBuildConfiguration section */

/* Begin XCConfigurationList section */
		0F30E7CC1EF89980003BE074 /* Build configuration list for PBXProject "Hoppy Bunny" */ = {
			isa = XCConfigurationList;
			buildConfigurations = (
				0F30E7FD1EF89980003BE074 /* Debug */,
				0F30E7FE1EF89980003BE074 /* Release */,
			);
			defaultConfigurationIsVisible = 0;
			defaultConfigurationName = Release;
		};
		0F30E7FF1EF89980003BE074 /* Build configuration list for PBXNativeTarget "Hoppy Bunny" */ = {
			isa = XCConfigurationList;
			buildConfigurations = (
				0F30E8001EF89980003BE074 /* Debug */,
				0F30E8011EF89980003BE074 /* Release */,
			);
			defaultConfigurationIsVisible = 0;
			defaultConfigurationName = Release;
		};
		0F30E8021EF89980003BE074 /* Build configuration list for PBXNativeTarget "Hoppy BunnyTests" */ = {
			isa = XCConfigurationList;
			buildConfigurations = (
				0F30E8031EF89980003BE074 /* Debug */,
				0F30E8041EF89980003BE074 /* Release */,
			);
			defaultConfigurationIsVisible = 0;
			defaultConfigurationName = Release;
		};
		0F30E8051EF89980003BE074 /* Build configuration list for PBXNativeTarget "Hoppy BunnyUITests" */ = {
			isa = XCConfigurationList;
			buildConfigurations = (
				0F30E8061EF89980003BE074 /* Debug */,
				0F30E8071EF89980003BE074 /* Release */,
			);
			defaultConfigurationIsVisible = 0;
			defaultConfigurationName = Release;
		};
/* End XCConfigurationList section */
	};
	rootObject = 0F30E7C91EF89980003BE074 /* Project object */;
}
